version = 1
revision = 1
requires-python = ">=3.13"

[[package]]
name = "pip"
version = "25.0.1"
source = { registry = "https://pypi.org/simple" }
sdist = { url = "https://files.pythonhosted.org/packages/70/53/b309b4a497b09655cb7e07088966881a57d082f48ac3cb54ea729fd2c6cf/pip-25.0.1.tar.gz", hash = "sha256:88f96547ea48b940a3a385494e181e29fb8637898f88d88737c5049780f196ea", size = 1950850 }
wheels = [
    { url = "https://files.pythonhosted.org/packages/c9/bc/b7db44f5f39f9d0494071bddae6880eb645970366d0a200022a1a93d57f5/pip-25.0.1-py3-none-any.whl", hash = "sha256:c46efd13b6aa8279f33f2864459c8ce587ea6a1a59ee20de055868d8f7688f7f", size = 1841526 },
]

[[package]]
name = "pyside6"
version = "6.8.2.1"
source = { registry = "https://pypi.org/simple" }
dependencies = [
    { name = "pyside6-addons" },
    { name = "pyside6-essentials" },
    { name = "shiboken6" },
]
wheels = [
    { url = "https://files.pythonhosted.org/packages/14/0f/bdb12758448b52497dba7a3bbfb5855dfb29129c64ddbda4da56c4b11f6c/PySide6-6.8.2.1-cp39-abi3-macosx_12_0_universal2.whl", hash = "sha256:3fcb551729f235475b2abe7d919027de54a65d850e744f60716f890202273720", size = 550254 },
    { url = "https://files.pythonhosted.org/packages/fa/00/0b232a25eeb8671202d7a7ec92893bd25b965debfd1d5d7aad637b067efe/PySide6-6.8.2.1-cp39-abi3-manylinux_2_28_x86_64.whl", hash = "sha256:23d2a1a77b25459a049c4276b4e0bbfb375b73d3921061b1a16bcfa64e1fe517", size = 550489 },
    { url = "https://files.pythonhosted.org/packages/8b/8a/9eb78cf71233399236c257cf85770ca4673ed0b9b959895856285157f643/PySide6-6.8.2.1-cp39-abi3-manylinux_2_39_aarch64.whl", hash = "sha256:bfefa80a93db06dc64c0e7beef0377c9b8ca51e007cfc34575defe065af893b6", size = 550491 },
    { url = "https://files.pythonhosted.org/packages/fb/3d/3e626e1953408cb8977a050ce54b1f1adff9a4c06bb519f6d56ebaf9310c/PySide6-6.8.2.1-cp39-abi3-win_amd64.whl", hash = "sha256:92361e41727910e3560ea5ba494fabecc76cd20892c9fcb2ced07619081c4e65", size = 556167 },
]

[[package]]
name = "pyside6-addons"
version = "6.8.2.1"
source = { registry = "https://pypi.org/simple" }
dependencies = [
    { name = "pyside6-essentials" },
    { name = "shiboken6" },
]
wheels = [
    { url = "https://files.pythonhosted.org/packages/6e/79/a868ffac6eb446afdd25312b61872d0d11173032d50320d48b5277b68ccf/PySide6_Addons-6.8.2.1-cp39-abi3-macosx_12_0_universal2.whl", hash = "sha256:5558816018042fecd0d782111ced529585a23ea9a010b518f8495764f578a01f", size = 302704501 },
    { url = "https://files.pythonhosted.org/packages/95/3a/93e0028805c50ceff8b8ae0f274d502805b8a864129b83d705ab12d48f78/PySide6_Addons-6.8.2.1-cp39-abi3-manylinux_2_28_x86_64.whl", hash = "sha256:f3d85e676851ada8238bc76ebfacbee738fc0b35b3bc15c9765dd107b8ee6ec4", size = 160641392 },
    { url = "https://files.pythonhosted.org/packages/84/5c/e822e4ef6c2140b273cb0f8531d7e200c8771bd61832decc524fc318c335/PySide6_Addons-6.8.2.1-cp39-abi3-manylinux_2_39_aarch64.whl", hash = "sha256:d904179f16deeca4ba440b4ef78e8d54df2b994b46784ad9d53b741082f3b2a7", size = 156398179 },
    { url = "https://files.pythonhosted.org/packages/0a/f8/98f85194f85a1fcff44ad98cd80cf6e856f7edee9e744fba81dec48b0ae9/PySide6_Addons-6.8.2.1-cp39-abi3-win_amd64.whl", hash = "sha256:c761cc45022aa79d8419e671e7fb34a4a3e5b3826f1e68fcb819bd6e3a387fbb", size = 127973648 },
]

[[package]]
name = "pyside6-essentials"
version = "6.8.2.1"
source = { registry = "https://pypi.org/simple" }
dependencies = [
    { name = "shiboken6" },
]
wheels = [
    { url = "https://files.pythonhosted.org/packages/01/bb/0127a53530cec0f9e7268e2fe235322b7b6e592caeb36c558b64da6ec52c/PySide6_Essentials-6.8.2.1-cp39-abi3-macosx_12_0_universal2.whl", hash = "sha256:ae5cc48f7e9a08e73e3ec2387ce245c8150e620b8d5a87548ebd4b8e3aeae49b", size = 134909713 },
    { url = "https://files.pythonhosted.org/packages/d2/f9/aa4ff511ff1f3dd177f7e8f5a635e03fe578fa2045c8d6be4577e7db3b28/PySide6_Essentials-6.8.2.1-cp39-abi3-manylinux_2_28_x86_64.whl", hash = "sha256:5ab31e5395a4724102edd6e8ff980fa3f7cde2aa79050763a1dcc30bb914195a", size = 95331575 },
    { url = "https://files.pythonhosted.org/packages/fd/69/595002d860ee58431fe7add081d6f54fff94ae9680f2eb8cd355c1649bb6/PySide6_Essentials-6.8.2.1-cp39-abi3-manylinux_2_39_aarch64.whl", hash = "sha256:7aed46f91d44399b4c713cf7387f5fb6f0114413fbcdbde493a528fb8e19f6ed", size = 93200219 },
    { url = "https://files.pythonhosted.org/packages/5b/54/28a8b03f327e2c1d27d4a1ccf1a44997afc73c00ad07125d889640367194/PySide6_Essentials-6.8.2.1-cp39-abi3-win_amd64.whl", hash = "sha256:18de224f09108998d194e60f2fb8a1e86367dd525dd8a6192598e80e6ada649e", size = 72502927 },
]

[[package]]
name = "shiboken6"
version = "6.8.2.1"
source = { registry = "https://pypi.org/simple" }
wheels = [
    { url = "https://files.pythonhosted.org/packages/d8/8f/71ccc3642edb59efaca35d4ba974248b1d7847f5e4d87d3ea323e73b2cab/shiboken6-6.8.2.1-cp39-abi3-macosx_12_0_universal2.whl", hash = "sha256:d3dedeb3732ecfc920c9f97da769c0022a1c3bda99346a9eba56fbf093deaa75", size = 401266 },
    { url = "https://files.pythonhosted.org/packages/7b/ff/ab4f287b9573e50b5a47c10e2af8feb5abecc3c7431bd5deec135efc969e/shiboken6-6.8.2.1-cp39-abi3-manylinux_2_28_x86_64.whl", hash = "sha256:c83e90056f13d0872cc4d2b7bf60b6d6e3b1b172f1f91910c0ba5b641af01758", size = 204273 },
    { url = "https://files.pythonhosted.org/packages/a6/b0/4fb102eb5260ee06d379769f3c4f0b82ef397c15f1cbbbbb3f6dceb86d5d/shiboken6-6.8.2.1-cp39-abi3-manylinux_2_39_aarch64.whl", hash = "sha256:8592401423acc693f51dbbfae5e7493cc3ed6738be79daaf90afa07f4da5bb25", size = 200909 },
    { url = "https://files.pythonhosted.org/packages/ae/88/b56bdb38a11066e4eecd1da6be4205bb406398b733b392b11c5aaf9547f7/shiboken6-6.8.2.1-cp39-abi3-win_amd64.whl", hash = "sha256:1b751d47b759762b7ca31bad278d52eca4105d3028880d93979261ebbfba810c", size = 1150270 },
]

[[package]]
name = "uv-test"
version = "0.1.0"
source = { virtual = "." }
dependencies = [
    { name = "pip" },
    { name = "pyside6" },
]

[package.metadata]
requires-dist = [
    { name = "pip", specifier = ">=25.0.1" },
    { name = "pyside6", specifier = ">=6.8.2.1" },
]
